// !$*UTF8*$!
{
	archiveVersion = 1;
	classes = {
	};
	objectVersion = 50;
	objects = {

/* Begin PBXBuildFile section */
		7103DDD722D099300027B0A9 /* AppDelegate.swift in Sources */ = {isa = PBXBuildFile; fileRef = 7103DDD622D099300027B0A9 /* AppDelegate.swift */; };
		7103DDD922D099300027B0A9 /* ViewController.swift in Sources */ = {isa = PBXBuildFile; fileRef = 7103DDD822D099300027B0A9 /* ViewController.swift */; };
		7103DDDC22D099300027B0A9 /* Main.storyboard in Resources */ = {isa = PBXBuildFile; fileRef = 7103DDDA22D099300027B0A9 /* Main.storyboard */; };
		7103DDDE22D099320027B0A9 /* Assets.xcassets in Resources */ = {isa = PBXBuildFile; fileRef = 7103DDDD22D099320027B0A9 /* Assets.xcassets */; };
		7103DDE122D099320027B0A9 /* LaunchScreen.storyboard in Resources */ = {isa = PBXBuildFile; fileRef = 7103DDDF22D099320027B0A9 /* LaunchScreen.storyboard */; };
		7103DDEC22D099320027B0A9 /* Class02Tests.swift in Sources */ = {isa = PBXBuildFile; fileRef = 7103DDEB22D099320027B0A9 /* Class02Tests.swift */; };
		7103DDF722D099320027B0A9 /* Class02UITests.swift in Sources */ = {isa = PBXBuildFile; fileRef = 7103DDF622D099320027B0A9 /* Class02UITests.swift */; };
/* End PBXBuildFile section */

/* Begin PBXContainerItemProxy section */
		7103DDE822D099320027B0A9 /* PBXContainerItemProxy */ = {
			isa = PBXContainerItemProxy;
			containerPortal = 7103DDCB22D099300027B0A9 /* Project object */;
			proxyType = 1;
			remoteGlobalIDString = 7103DDD222D099300027B0A9;
			remoteInfo = Class02;
		};
		7103DDF322D099320027B0A9 /* PBXContainerItemProxy */ = {
			isa = PBXContainerItemProxy;
			containerPortal = 7103DDCB22D099300027B0A9 /* Project object */;
			proxyType = 1;
			remoteGlobalIDString = 7103DDD222D099300027B0A9;
			remoteInfo = Class02;
		};
/* End PBXContainerItemProxy section */

/* Begin PBXFileReference section */
		7103DDD322D099300027B0A9 /* Class02.app */ = {isa = PBXFileReference; explicitFileType = wrapper.application; includeInIndex = 0; path = Class02.app; sourceTree = BUILT_PRODUCTS_DIR; };
		7103DDD622D099300027B0A9 /* AppDelegate.swift */ = {isa = PBXFileReference; lastKnownFileType = sourcecode.swift; path = AppDelegate.swift; sourceTree = "<group>"; };
		7103DDD822D099300027B0A9 /* ViewController.swift */ = {isa = PBXFileReference; lastKnownFileType = sourcecode.swift; path = ViewController.swift; sourceTree = "<group>"; };
		7103DDDB22D099300027B0A9 /* Base */ = {isa = PBXFileReference; lastKnownFileType = file.storyboard; name = Base; path = Base.lproj/Main.storyboard; sourceTree = "<group>"; };
		7103DDDD22D099320027B0A9 /* Assets.xcassets */ = {isa = PBXFileReference; lastKnownFileType = folder.assetcatalog; path = Assets.xcassets; sourceTree = "<group>"; };
		7103DDE022D099320027B0A9 /* Base */ = {isa = PBXFileReference; lastKnownFileType = file.storyboard; name = Base; path = Base.lproj/LaunchScreen.storyboard; sourceTree = "<group>"; };
		7103DDE222D099320027B0A9 /* Info.plist */ = {isa = PBXFileReference; lastKnownFileType = text.plist.xml; path = Info.plist; sourceTree = "<group>"; };
		7103DDE722D099320027B0A9 /* Class02Tests.xctest */ = {isa = PBXFileReference; explicitFileType = wrapper.cfbundle; includeInIndex = 0; path = Class02Tests.xctest; sourceTree = BUILT_PRODUCTS_DIR; };
		7103DDEB22D099320027B0A9 /* Class02Tests.swift */ = {isa = PBXFileReference; lastKnownFileType = sourcecode.swift; path = Class02Tests.swift; sourceTree = "<group>"; };
		7103DDED22D099320027B0A9 /* Info.plist */ = {isa = PBXFileReference; lastKnownFileType = text.plist.xml; path = Info.plist; sourceTree = "<group>"; };
		7103DDF222D099320027B0A9 /* Class02UITests.xctest */ = {isa = PBXFileReference; explicitFileType = wrapper.cfbundle; includeInIndex = 0; path = Class02UITests.xctest; sourceTree = BUILT_PRODUCTS_DIR; };
		7103DDF622D099320027B0A9 /* Class02UITests.swift */ = {isa = PBXFileReference; lastKnownFileType = sourcecode.swift; path = Class02UITests.swift; sourceTree = "<group>"; };
		7103DDF822D099320027B0A9 /* Info.plist */ = {isa = PBXFileReference; lastKnownFileType = text.plist.xml; path = Info.plist; sourceTree = "<group>"; };
/* End PBXFileReference section */

/* Begin PBXFrameworksBuildPhase section */
		7103DDD022D099300027B0A9 /* Frameworks */ = {
			isa = PBXFrameworksBuildPhase;
			buildActionMask = 2147483647;
			files = (
			);
			runOnlyForDeploymentPostprocessing = 0;
		};
		7103DDE422D099320027B0A9 /* Frameworks */ = {
			isa = PBXFrameworksBuildPhase;
			buildActionMask = 2147483647;
			files = (
			);
			runOnlyForDeploymentPostprocessing = 0;
		};
		7103DDEF22D099320027B0A9 /* Frameworks */ = {
			isa = PBXFrameworksBuildPhase;
			buildActionMask = 2147483647;
			files = (
			);
			runOnlyForDeploymentPostprocessing = 0;
		};
/* End PBXFrameworksBuildPhase section */

/* Begin PBXGroup section */
		7103DDCA22D099300027B0A9 = {
			isa = PBXGroup;
			children = (
				7103DDD522D099300027B0A9 /* Class02 */,
				7103DDEA22D099320027B0A9 /* Class02Tests */,
				7103DDF522D099320027B0A9 /* Class02UITests */,
				7103DDD422D099300027B0A9 /* Products */,
			);
			sourceTree = "<group>";
		};
		7103DDD422D099300027B0A9 /* Products */ = {
			isa = PBXGroup;
			children = (
				7103DDD322D099300027B0A9 /* Class02.app */,
				7103DDE722D099320027B0A9 /* Class02Tests.xctest */,
				7103DDF222D099320027B0A9 /* Class02UITests.xctest */,
			);
			name = Products;
			sourceTree = "<group>";
		};
		7103DDD522D099300027B0A9 /* Class02 */ = {
			isa = PBXGroup;
			children = (
				7103DDD622D099300027B0A9 /* AppDelegate.swift */,
				7103DDD822D099300027B0A9 /* ViewController.swift */,
				7103DDDA22D099300027B0A9 /* Main.storyboard */,
				7103DDDD22D099320027B0A9 /* Assets.xcassets */,
				7103DDDF22D099320027B0A9 /* LaunchScreen.storyboard */,
				7103DDE222D099320027B0A9 /* Info.plist */,
			);
			path = Class02;
			sourceTree = "<group>";
		};
		7103DDEA22D099320027B0A9 /* Class02Tests */ = {
			isa = PBXGroup;
			children = (
				7103DDEB22D099320027B0A9 /* Class02Tests.swift */,
				7103DDED22D099320027B0A9 /* Info.plist */,
			);
			path = Class02Tests;
			sourceTree = "<group>";
		};
		7103DDF522D099320027B0A9 /* Class02UITests */ = {
			isa = PBXGroup;
			children = (
				7103DDF622D099320027B0A9 /* Class02UITests.swift */,
				7103DDF822D099320027B0A9 /* Info.plist */,
			);
			path = Class02UITests;
			sourceTree = "<group>";
		};
/* End PBXGroup section */

/* Begin PBXNativeTarget section */
		7103DDD222D099300027B0A9 /* Class02 */ = {
			isa = PBXNativeTarget;
			buildConfigurationList = 7103DDFB22D099320027B0A9 /* Build configuration list for PBXNativeTarget "Class02" */;
			buildPhases = (
				7103DDCF22D099300027B0A9 /* Sources */,
				7103DDD022D099300027B0A9 /* Frameworks */,
				7103DDD122D099300027B0A9 /* Resources */,
			);
			buildRules = (
			);
			dependencies = (
			);
			name = Class02;
			productName = Class02;
			productReference = 7103DDD322D099300027B0A9 /* Class02.app */;
			productType = "com.apple.product-type.application";
		};
		7103DDE622D099320027B0A9 /* Class02Tests */ = {
			isa = PBXNativeTarget;
			buildConfigurationList = 7103DDFE22D099320027B0A9 /* Build configuration list for PBXNativeTarget "Class02Tests" */;
			buildPhases = (
				7103DDE322D099320027B0A9 /* Sources */,
				7103DDE422D099320027B0A9 /* Frameworks */,
				7103DDE522D099320027B0A9 /* Resources */,
			);
			buildRules = (
			);
			dependencies = (
				7103DDE922D099320027B0A9 /* PBXTargetDependency */,
			);
			name = Class02Tests;
			productName = Class02Tests;
			productReference = 7103DDE722D099320027B0A9 /* Class02Tests.xctest */;
			productType = "com.apple.product-type.bundle.unit-test";
		};
		7103DDF122D099320027B0A9 /* Class02UITests */ = {
			isa = PBXNativeTarget;
			buildConfigurationList = 7103DE0122D099320027B0A9 /* Build configuration list for PBXNativeTarget "Class02UITests" */;
			buildPhases = (
				7103DDEE22D099320027B0A9 /* Sources */,
				7103DDEF22D099320027B0A9 /* Frameworks */,
				7103DDF022D099320027B0A9 /* Resources */,
			);
			buildRules = (
			);
			dependencies = (
				7103DDF422D099320027B0A9 /* PBXTargetDependency */,
			);
			name = Class02UITests;
			productName = Class02UITests;
			productReference = 7103DDF222D099320027B0A9 /* Class02UITests.xctest */;
			productType = "com.apple.product-type.bundle.ui-testing";
		};
/* End PBXNativeTarget section */

/* Begin PBXProject section */
		7103DDCB22D099300027B0A9 /* Project object */ = {
			isa = PBXProject;
			attributes = {
				LastSwiftUpdateCheck = 1020;
				LastUpgradeCheck = 1020;
				ORGANIZATIONNAME = edu.njcit;
				TargetAttributes = {
					7103DDD222D099300027B0A9 = {
						CreatedOnToolsVersion = 10.2.1;
					};
					7103DDE622D099320027B0A9 = {
						CreatedOnToolsVersion = 10.2.1;
						TestTargetID = 7103DDD222D099300027B0A9;
					};
					7103DDF122D099320027B0A9 = {
						CreatedOnToolsVersion = 10.2.1;
						TestTargetID = 7103DDD222D099300027B0A9;
					};
				};
			};
			buildConfigurationList = 7103DDCE22D099300027B0A9 /* Build configuration list for PBXProject "Class02" */;
			compatibilityVersion = "Xcode 9.3";
			developmentRegion = en;
			hasScannedForEncodings = 0;
			knownRegions = (
				en,
				Base,
			);
			mainGroup = 7103DDCA22D099300027B0A9;
			productRefGroup = 7103DDD422D099300027B0A9 /* Products */;
			projectDirPath = "";
			projectRoot = "";
			targets = (
				7103DDD222D099300027B0A9 /* Class02 */,
				7103DDE622D099320027B0A9 /* Class02Tests */,
				7103DDF122D099320027B0A9 /* Class02UITests */,
			);
		};
/* End PBXProject section */

/* Begin PBXResourcesBuildPhase section */
		7103DDD122D099300027B0A9 /* Resources */ = {
			isa = PBXResourcesBuildPhase;
			buildActionMask = 2147483647;
			files = (
				7103DDE122D099320027B0A9 /* LaunchScreen.storyboard in Resources */,
				7103DDDE22D099320027B0A9 /* Assets.xcassets in Resources */,
				7103DDDC22D099300027B0A9 /* Main.storyboard in Resources */,
			);
			runOnlyForDeploymentPostprocessing = 0;
		};
		7103DDE522D099320027B0A9 /* Resources */ = {
			isa = PBXResourcesBuildPhase;
			buildActionMask = 2147483647;
			files = (
			);
			runOnlyForDeploymentPostprocessing = 0;
		};
		7103DDF022D099320027B0A9 /* Resources */ = {
			isa = PBXResourcesBuildPhase;
			buildActionMask = 2147483647;
			files = (
			);
			runOnlyForDeploymentPostprocessing = 0;
		};
/* End PBXResourcesBuildPhase section */

/* Begin PBXSourcesBuildPhase section */
		7103DDCF22D099300027B0A9 /* Sources */ = {
			isa = PBXSourcesBuildPhase;
			buildActionMask = 2147483647;
			files = (
				7103DDD922D099300027B0A9 /* ViewController.swift in Sources */,
				7103DDD722D099300027B0A9 /* AppDelegate.swift in Sources */,
			);
			runOnlyForDeploymentPostprocessing = 0;
		};
		7103DDE322D099320027B0A9 /* Sources */ = {
			isa = PBXSourcesBuildPhase;
			buildActionMask = 2147483647;
			files = (
				7103DDEC22D099320027B0A9 /* Class02Tests.swift in Sources */,
			);
			runOnlyForDeploymentPostprocessing = 0;
		};
		7103DDEE22D099320027B0A9 /* Sources */ = {
			isa = PBXSourcesBuildPhase;
			buildActionMask = 2147483647;
			files = (
				7103DDF722D099320027B0A9 /* Class02UITests.swift in Sources */,
			);
			runOnlyForDeploymentPostprocessing = 0;
		};
/* End PBXSourcesBuildPhase section */

/* Begin PBXTargetDependency section */
		7103DDE922D099320027B0A9 /* PBXTargetDependency */ = {
			isa = PBXTargetDependency;
			target = 7103DDD222D099300027B0A9 /* Class02 */;
			targetProxy = 7103DDE822D099320027B0A9 /* PBXContainerItemProxy */;
		};
		7103DDF422D099320027B0A9 /* PBXTargetDependency */ = {
			isa = PBXTargetDependency;
			target = 7103DDD222D099300027B0A9 /* Class02 */;
			targetProxy = 7103DDF322D099320027B0A9 /* PBXContainerItemProxy */;
		};
/* End PBXTargetDependency section */

/* Begin PBXVariantGroup section */
		7103DDDA22D099300027B0A9 /* Main.storyboard */ = {
			isa = PBXVariantGroup;
			children = (
				7103DDDB22D099300027B0A9 /* Base */,
			);
			name = Main.storyboard;
			sourceTree = "<group>";
		};
		7103DDDF22D099320027B0A9 /* LaunchScreen.storyboard */ = {
			isa = PBXVariantGroup;
			children = (
				7103DDE022D099320027B0A9 /* Base */,
			);
			name = LaunchScreen.storyboard;
			sourceTree = "<group>";
		};
/* End PBXVariantGroup section */

/* Begin XCBuildConfiguration section */
		7103DDF922D099320027B0A9 /* Debug */ = {
			isa = XCBuildConfiguration;
			buildSettings = {
				ALWAYS_SEARCH_USER_PATHS = NO;
				CLANG_ANALYZER_NONNULL = YES;
				CLANG_ANALYZER_NUMBER_OBJECT_CONVERSION = YES_AGGRESSIVE;
				CLANG_CXX_LANGUAGE_STANDARD = "gnu++14";
				CLANG_CXX_LIBRARY = "libc++";
				CLANG_ENABLE_MODULES = YES;
				CLANG_ENABLE_OBJC_ARC = YES;
				CLANG_ENABLE_OBJC_WEAK = YES;
				CLANG_WARN_BLOCK_CAPTURE_AUTORELEASING = YES;
				CLANG_WARN_BOOL_CONVERSION = YES;
				CLANG_WARN_COMMA = YES;
				CLANG_WARN_CONSTANT_CONVERSION = YES;
				CLANG_WARN_DEPRECATED_OBJC_IMPLEMENTATIONS = YES;
				CLANG_WARN_DIRECT_OBJC_ISA_USAGE = YES_ERROR;
				CLANG_WARN_DOCUMENTATION_COMMENTS = YES;
				CLANG_WARN_EMPTY_BODY = YES;
				CLANG_WARN_ENUM_CONVERSION = YES;
				CLANG_WARN_INFINITE_RECURSION = YES;
				CLANG_WARN_INT_CONVERSION = YES;
				CLANG_WARN_NON_LITERAL_NULL_CONVERSION = YES;
				CLANG_WARN_OBJC_IMPLICIT_RETAIN_SELF = YES;
				CLANG_WARN_OBJC_LITERAL_CONVERSION = YES;
				CLANG_WARN_OBJC_ROOT_CLASS = YES_ERROR;
				CLANG_WARN_RANGE_LOOP_ANALYSIS = YES;
				CLANG_WARN_STRICT_PROTOTYPES = YES;
				CLANG_WARN_SUSPICIOUS_MOVE = YES;
				CLANG_WARN_UNGUARDED_AVAILABILITY = YES_AGGRESSIVE;
				CLANG_WARN_UNREACHABLE_CODE = YES;
				CLANG_WARN__DUPLICATE_METHOD_MATCH = YES;
				CODE_SIGN_IDENTITY = "iPhone Developer";
				COPY_PHASE_STRIP = NO;
				DEBUG_INFORMATION_FORMAT = dwarf;
				ENABLE_STRICT_OBJC_MSGSEND = YES;
				ENABLE_TESTABILITY = YES;
				GCC_C_LANGUAGE_STANDARD = gnu11;
				GCC_DYNAMIC_NO_PIC = NO;
				GCC_NO_COMMON_BLOCKS = YES;
				GCC_OPTIMIZATION_LEVEL = 0;
				GCC_PREPROCESSOR_DEFINITIONS = (
					"DEBUG=1",
					"$(inherited)",
				);
				GCC_WARN_64_TO_32_BIT_CONVERSION = YES;
				GCC_WARN_ABOUT_RETURN_TYPE = YES_ERROR;
				GCC_WARN_UNDECLARED_SELECTOR = YES;
				GCC_WARN_UNINITIALIZED_AUTOS = YES_AGGRESSIVE;
				GCC_WARN_UNUSED_FUNCTION = YES;
				GCC_WARN_UNUSED_VARIABLE = YES;
				IPHONEOS_DEPLOYMENT_TARGET = 12.2;
				MTL_ENABLE_DEBUG_INFO = INCLUDE_SOURCE;
				MTL_FAST_MATH = YES;
				ONLY_ACTIVE_ARCH = YES;
				SDKROOT = iphoneos;
				SWIFT_ACTIVE_COMPILATION_CONDITIONS = DEBUG;
				SWIFT_OPTIMIZATION_LEVEL = "-Onone";
			};
			name = Debug;
		};
		7103DDFA22D099320027B0A9 /* Release */ = {
			isa = XCBuildConfiguration;
			buildSettings = {
				ALWAYS_SEARCH_USER_PATHS = NO;
				CLANG_ANALYZER_NONNULL = YES;
				CLANG_ANALYZER_NUMBER_OBJECT_CONVERSION = YES_AGGRESSIVE;
				CLANG_CXX_LANGUAGE_STANDARD = "gnu++14";
				CLANG_CXX_LIBRARY = "libc++";
				CLANG_ENABLE_MODULES = YES;
				CLANG_ENABLE_OBJC_ARC = YES;
				CLANG_ENABLE_OBJC_WEAK = YES;
				CLANG_WARN_BLOCK_CAPTURE_AUTORELEASING = YES;
				CLANG_WARN_BOOL_CONVERSION = YES;
				CLANG_WARN_COMMA = YES;
				CLANG_WARN_CONSTANT_CONVERSION = YES;
				CLANG_WARN_DEPRECATED_OBJC_IMPLEMENTATIONS = YES;
				CLANG_WARN_DIRECT_OBJC_ISA_USAGE = YES_ERROR;
				CLANG_WARN_DOCUMENTATION_COMMENTS = YES;
				CLANG_WARN_EMPTY_BODY = YES;
				CLANG_WARN_ENUM_CONVERSION = YES;
				CLANG_WARN_INFINITE_RECURSION = YES;
				CLANG_WARN_INT_CONVERSION = YES;
				CLANG_WARN_NON_LITERAL_NULL_CONVERSION = YES;
				CLANG_WARN_OBJC_IMPLICIT_RETAIN_SELF = YES;
				CLANG_WARN_OBJC_LITERAL_CONVERSION = YES;
				CLANG_WARN_OBJC_ROOT_CLASS = YES_ERROR;
				CLANG_WARN_RANGE_LOOP_ANALYSIS = YES;
				CLANG_WARN_STRICT_PROTOTYPES = YES;
				CLANG_WARN_SUSPICIOUS_MOVE = YES;
				CLANG_WARN_UNGUARDED_AVAILABILITY = YES_AGGRESSIVE;
				CLANG_WARN_UNREACHABLE_CODE = YES;
				CLANG_WARN__DUPLICATE_METHOD_MATCH = YES;
				CODE_SIGN_IDENTITY = "iPhone Developer";
				COPY_PHASE_STRIP = NO;
				DEBUG_INFORMATION_FORMAT = "dwarf-with-dsym";
				ENABLE_NS_ASSERTIONS = NO;
				ENABLE_STRICT_OBJC_MSGSEND = YES;
				GCC_C_LANGUAGE_STANDARD = gnu11;
				GCC_NO_COMMON_BLOCKS = YES;
				GCC_WARN_64_TO_32_BIT_CONVERSION = YES;
				GCC_WARN_ABOUT_RETURN_TYPE = YES_ERROR;
				GCC_WARN_UNDECLARED_SELECTOR = YES;
				GCC_WARN_UNINITIALIZED_AUTOS = YES_AGGRESSIVE;
				GCC_WARN_UNUSED_FUNCTION = YES;
				GCC_WARN_UNUSED_VARIABLE = YES;
				IPHONEOS_DEPLOYMENT_TARGET = 12.2;
				MTL_ENABLE_DEBUG_INFO = NO;
				MTL_FAST_MATH = YES;
				SDKROOT = iphoneos;
				SWIFT_COMPILATION_MODE = wholemodule;
				SWIFT_OPTIMIZATION_LEVEL = "-O";
				VALIDATE_PRODUCT = YES;
			};
			name = Release;
		};
		7103DDFC22D099320027B0A9 /* Debug */ = {
			isa = XCBuildConfiguration;
			buildSettings = {
				ASSETCATALOG_COMPILER_APPICON_NAME = AppIcon;
				CODE_SIGN_STYLE = Automatic;
				INFOPLIST_FILE = Class02/Info.plist;
				LD_RUNPATH_SEARCH_PATHS = (
					"$(inherited)",
					"@executable_path/Frameworks",
				);
				PRODUCT_BUNDLE_IDENTIFIER = edu.njcit.Class02;
				PRODUCT_NAME = "$(TARGET_NAME)";
				SWIFT_VERSION = 5.0;
				TARGETED_DEVICE_FAMILY = "1,2";
			};
			name = Debug;
		};
		7103DDFD22D099320027B0A9 /* Release */ = {
			isa = XCBuildConfiguration;
			buildSettings = {
				ASSETCATALOG_COMPILER_APPICON_NAME = AppIcon;
				CODE_SIGN_STYLE = Automatic;
				INFOPLIST_FILE = Class02/Info.plist;
				LD_RUNPATH_SEARCH_PATHS = (
					"$(inherited)",
					"@executable_path/Frameworks",
				);
				PRODUCT_BUNDLE_IDENTIFIER = edu.njcit.Class02;
				PRODUCT_NAME = "$(TARGET_NAME)";
				SWIFT_VERSION = 5.0;
				TARGETED_DEVICE_FAMILY = "1,2";
			};
			name = Release;
		};
		7103DDFF22D099320027B0A9 /* Debug */ = {
			isa = XCBuildConfiguration;
			buildSettings = {
				ALWAYS_EMBED_SWIFT_STANDARD_LIBRARIES = YES;
				BUNDLE_LOADER = "$(TEST_HOST)";
				CODE_SIGN_STYLE = Automatic;
				INFOPLIST_FILE = Class02Tests/Info.plist;
				LD_RUNPATH_SEARCH_PATHS = (
					"$(inherited)",
					"@executable_path/Frameworks",
					"@loader_path/Frameworks",
				);
				PRODUCT_BUNDLE_IDENTIFIER = edu.njcit.Class02Tests;
				PRODUCT_NAME = "$(TARGET_NAME)";
				SWIFT_VERSION = 5.0;
				TARGETED_DEVICE_FAMILY = "1,2";
				TEST_HOST = "$(BUILT_PRODUCTS_DIR)/Class02.app/Class02";
			};
			name = Debug;
		};
		7103DE0022D099320027B0A9 /* Release */ = {
			isa = XCBuildConfiguration;
			buildSettings = {
				ALWAYS_EMBED_SWIFT_STANDARD_LIBRARIES = YES;
				BUNDLE_LOADER = "$(TEST_HOST)";
				CODE_SIGN_STYLE = Automatic;
				INFOPLIST_FILE = Class02Tests/Info.plist;
				LD_RUNPATH_SEARCH_PATHS = (
					"$(inherited)",
					"@executable_path/Frameworks",
					"@loader_path/Frameworks",
				);
				PRODUCT_BUNDLE_IDENTIFIER = edu.njcit.Class02Tests;
				PRODUCT_NAME = "$(TARGET_NAME)";
				SWIFT_VERSION = 5.0;
				TARGETED_DEVICE_FAMILY = "1,2";
				TEST_HOST = "$(BUILT_PRODUCTS_DIR)/Class02.app/Class02";
			};
			name = Release;
		};
		7103DE0222D099320027B0A9 /* Debug */ = {
			isa = XCBuildConfiguration;
			buildSettings = {
				ALWAYS_EMBED_SWIFT_STANDARD_LIBRARIES = YES;
				CODE_SIGN_STYLE = Automatic;
				INFOPLIST_FILE = Class02UITests/Info.plist;
				LD_RUNPATH_SEARCH_PATHS = (
					"$(inherited)",
					"@executable_path/Frameworks",
					"@loader_path/Frameworks",
				);
				PRODUCT_BUNDLE_IDENTIFIER = edu.njcit.Class02UITests;
				PRODUCT_NAME = "$(TARGET_NAME)";
				SWIFT_VERSION = 5.0;
				TARGETED_DEVICE_FAMILY = "1,2";
				TEST_TARGET_NAME = Class02;
			};
			name = Debug;
		};
		7103DE0322D099320027B0A9 /* Release */ = {
			isa = XCBuildConfiguration;
			buildSettings = {
				ALWAYS_EMBED_SWIFT_STANDARD_LIBRARIES = YES;
				CODE_SIGN_STYLE = Automatic;
				INFOPLIST_FILE = Class02UITests/Info.plist;
				LD_RUNPATH_SEARCH_PATHS = (
					"$(inherited)",
					"@executable_path/Frameworks",
					"@loader_path/Frameworks",
				);
				PRODUCT_BUNDLE_IDENTIFIER = edu.njcit.Class02UITests;
				PRODUCT_NAME = "$(TARGET_NAME)";
				SWIFT_VERSION = 5.0;
				TARGETED_DEVICE_FAMILY = "1,2";
				TEST_TARGET_NAME = Class02;
			};
			name = Release;
		};
/* End XCBuildConfiguration section */

/* Begin XCConfigurationList section */
		7103DDCE22D099300027B0A9 /* Build configuration list for PBXProject "Class02" */ = {
			isa = XCConfigurationList;
			buildConfigurations = (
				7103DDF922D099320027B0A9 /* Debug */,
				7103DDFA22D099320027B0A9 /* Release */,
			);
			defaultConfigurationIsVisible = 0;
			defaultConfigurationName = Release;
		};
		7103DDFB22D099320027B0A9 /* Build configuration list for PBXNativeTarget "Class02" */ = {
			isa = XCConfigurationList;
			buildConfigurations = (
				7103DDFC22D099320027B0A9 /* Debug */,
				7103DDFD22D099320027B0A9 /* Release */,
			);
			defaultConfigurationIsVisible = 0;
			defaultConfigurationName = Release;
		};
		7103DDFE22D099320027B0A9 /* Build configuration list for PBXNativeTarget "Class02Tests" */ = {
			isa = XCConfigurationList;
			buildConfigurations = (
				7103DDFF22D099320027B0A9 /* Debug */,
				7103DE0022D099320027B0A9 /* Release */,
			);
			defaultConfigurationIsVisible = 0;
			defaultConfigurationName = Release;
		};
		7103DE0122D099320027B0A9 /* Build configuration list for PBXNativeTarget "Class02UITests" */ = {
			isa = XCConfigurationList;
			buildConfigurations = (
				7103DE0222D099320027B0A9 /* Debug */,
				7103DE0322D099320027B0A9 /* Release */,
			);
			defaultConfigurationIsVisible = 0;
			defaultConfigurationName = Release;
		};
/* End XCConfigurationList section */
	};
	rootObject = 7103DDCB22D099300027B0A9 /* Project object */;
}
